// !$*UTF8*$!
{
	archiveVersion = 1;
	classes = {
	};
	objectVersion = 54;
	objects = {

/* Begin PBXBuildFile section */
		2F796BB32AE3AE6D00B3688D /* iCloud_Unlocking_App_DemoApp.swift in Sources */ = {isa = PBXBuildFile; fileRef = 2F796BB22AE3AE6D00B3688D /* iCloud_Unlocking_App_DemoApp.swift */; };
		2F796BB52AE3AE6D00B3688D /* ContentView.swift in Sources */ = {isa = PBXBuildFile; fileRef = 2F796BB42AE3AE6D00B3688D /* ContentView.swift */; };
		2F796BB72AE3AE6F00B3688D /* Assets.xcassets in Resources */ = {isa = PBXBuildFile; fileRef = 2F796BB62AE3AE6F00B3688D /* Assets.xcassets */; };
		2F796BBA2AE3AE6F00B3688D /* Preview Assets.xcassets in Resources */ = {isa = PBXBuildFile; fileRef = 2F796BB92AE3AE6F00B3688D /* Preview Assets.xcassets */; };
		2F796BC52AE3AE6F00B3688D /* iCloud_Unlocking_App_DemoTests.swift in Sources */ = {isa = PBXBuildFile; fileRef = 2F796BC42AE3AE6F00B3688D /* iCloud_Unlocking_App_DemoTests.swift */; };
		2F796BCF2AE3AE6F00B3688D /* iCloud_Unlocking_App_DemoUITests.swift in Sources */ = {isa = PBXBuildFile; fileRef = 2F796BCE2AE3AE6F00B3688D /* iCloud_Unlocking_App_DemoUITests.swift */; };
		2F796BD12AE3AE6F00B3688D /* iCloud_Unlocking_App_DemoUITestsLaunchTests.swift in Sources */ = {isa = PBXBuildFile; fileRef = 2F796BD02AE3AE6F00B3688D /* iCloud_Unlocking_App_DemoUITestsLaunchTests.swift */; };
		2FBE0DAE2AE4EC870096021E /* test.sh in Resources */ = {isa = PBXBuildFile; fileRef = 2FBE0DAD2AE4EC870096021E /* test.sh */; };
/* End PBXBuildFile section */

/* Begin PBXContainerItemProxy section */
		2F796BC12AE3AE6F00B3688D /* PBXContainerItemProxy */ = {
			isa = PBXContainerItemProxy;
			containerPortal = 2F796BA72AE3AE6D00B3688D /* Project object */;
			proxyType = 1;
			remoteGlobalIDString = 2F796BAE2AE3AE6D00B3688D;
			remoteInfo = "iCloud-Unlocking-App-Demo";
		};
		2F796BCB2AE3AE6F00B3688D /* PBXContainerItemProxy */ = {
			isa = PBXContainerItemProxy;
			containerPortal = 2F796BA72AE3AE6D00B3688D /* Project object */;
			proxyType = 1;
			remoteGlobalIDString = 2F796BAE2AE3AE6D00B3688D;
			remoteInfo = "iCloud-Unlocking-App-Demo";
		};
/* End PBXContainerItemProxy section */

/* Begin PBXFileReference section */
		2F796BAF2AE3AE6D00B3688D /* iCloud-Unlocking-App-Demo.app */ = {isa = PBXFileReference; explicitFileType = wrapper.application; includeInIndex = 0; path = "iCloud-Unlocking-App-Demo.app"; sourceTree = BUILT_PRODUCTS_DIR; };
		2F796BB22AE3AE6D00B3688D /* iCloud_Unlocking_App_DemoApp.swift */ = {isa = PBXFileReference; lastKnownFileType = sourcecode.swift; path = iCloud_Unlocking_App_DemoApp.swift; sourceTree = "<group>"; };
		2F796BB42AE3AE6D00B3688D /* ContentView.swift */ = {isa = PBXFileReference; lastKnownFileType = sourcecode.swift; path = ContentView.swift; sourceTree = "<group>"; };
		2F796BB62AE3AE6F00B3688D /* Assets.xcassets */ = {isa = PBXFileReference; lastKnownFileType = folder.assetcatalog; path = Assets.xcassets; sourceTree = "<group>"; };
		2F796BB92AE3AE6F00B3688D /* Preview Assets.xcassets */ = {isa = PBXFileReference; lastKnownFileType = folder.assetcatalog; path = "Preview Assets.xcassets"; sourceTree = "<group>"; };
		2F796BBB2AE3AE6F00B3688D /* iCloud_Unlocking_App_Demo.entitlements */ = {isa = PBXFileReference; lastKnownFileType = text.plist.entitlements; path = iCloud_Unlocking_App_Demo.entitlements; sourceTree = "<group>"; };
		2F796BC02AE3AE6F00B3688D /* iCloud-Unlocking-App-DemoTests.xctest */ = {isa = PBXFileReference; explicitFileType = wrapper.cfbundle; includeInIndex = 0; path = "iCloud-Unlocking-App-DemoTests.xctest"; sourceTree = BUILT_PRODUCTS_DIR; };
		2F796BC42AE3AE6F00B3688D /* iCloud_Unlocking_App_DemoTests.swift */ = {isa = PBXFileReference; lastKnownFileType = sourcecode.swift; path = iCloud_Unlocking_App_DemoTests.swift; sourceTree = "<group>"; };
		2F796BCA2AE3AE6F00B3688D /* iCloud-Unlocking-App-DemoUITests.xctest */ = {isa = PBXFileReference; explicitFileType = wrapper.cfbundle; includeInIndex = 0; path = "iCloud-Unlocking-App-DemoUITests.xctest"; sourceTree = BUILT_PRODUCTS_DIR; };
		2F796BCE2AE3AE6F00B3688D /* iCloud_Unlocking_App_DemoUITests.swift */ = {isa = PBXFileReference; lastKnownFileType = sourcecode.swift; path = iCloud_Unlocking_App_DemoUITests.swift; sourceTree = "<group>"; };
		2F796BD02AE3AE6F00B3688D /* iCloud_Unlocking_App_DemoUITestsLaunchTests.swift */ = {isa = PBXFileReference; lastKnownFileType = sourcecode.swift; path = iCloud_Unlocking_App_DemoUITestsLaunchTests.swift; sourceTree = "<group>"; };
		2FBE0DAD2AE4EC870096021E /* test.sh */ = {isa = PBXFileReference; fileEncoding = 4; lastKnownFileType = text.script.sh; name = test.sh; path = ../../../Desktop/test.sh; sourceTree = "<group>"; };
/* End PBXFileReference section */

/* Begin PBXFrameworksBuildPhase section */
		2F796BAC2AE3AE6D00B3688D /* Frameworks */ = {
			isa = PBXFrameworksBuildPhase;
			buildActionMask = 2147483647;
			files = (
			);
			runOnlyForDeploymentPostprocessing = 0;
		};
		2F796BBD2AE3AE6F00B3688D /* Frameworks */ = {
			isa = PBXFrameworksBuildPhase;
			buildActionMask = 2147483647;
			files = (
			);
			runOnlyForDeploymentPostprocessing = 0;
		};
		2F796BC72AE3AE6F00B3688D /* Frameworks */ = {
			isa = PBXFrameworksBuildPhase;
			buildActionMask = 2147483647;
			files = (
			);
			runOnlyForDeploymentPostprocessing = 0;
		};
/* End PBXFrameworksBuildPhase section */

/* Begin PBXGroup section */
		2F796BA62AE3AE6D00B3688D = {
			isa = PBXGroup;
			children = (
				2F796BB12AE3AE6D00B3688D /* iCloud-Unlocking-App-Demo */,
				2F796BC32AE3AE6F00B3688D /* iCloud-Unlocking-App-DemoTests */,
				2F796BCD2AE3AE6F00B3688D /* iCloud-Unlocking-App-DemoUITests */,
				2F796BB02AE3AE6D00B3688D /* Products */,
			);
			sourceTree = "<group>";
		};
		2F796BB02AE3AE6D00B3688D /* Products */ = {
			isa = PBXGroup;
			children = (
				2F796BAF2AE3AE6D00B3688D /* iCloud-Unlocking-App-Demo.app */,
				2F796BC02AE3AE6F00B3688D /* iCloud-Unlocking-App-DemoTests.xctest */,
				2F796BCA2AE3AE6F00B3688D /* iCloud-Unlocking-App-DemoUITests.xctest */,
			);
			name = Products;
			sourceTree = "<group>";
		};
		2F796BB12AE3AE6D00B3688D /* iCloud-Unlocking-App-Demo */ = {
			isa = PBXGroup;
			children = (
				2FBE0DAD2AE4EC870096021E /* test.sh */,
				2F796BB22AE3AE6D00B3688D /* iCloud_Unlocking_App_DemoApp.swift */,
				2F796BB42AE3AE6D00B3688D /* ContentView.swift */,
				2F796BB62AE3AE6F00B3688D /* Assets.xcassets */,
				2F796BBB2AE3AE6F00B3688D /* iCloud_Unlocking_App_Demo.entitlements */,
				2F796BB82AE3AE6F00B3688D /* Preview Content */,
			);
			path = "iCloud-Unlocking-App-Demo";
			sourceTree = "<group>";
		};
		2F796BB82AE3AE6F00B3688D /* Preview Content */ = {
			isa = PBXGroup;
			children = (
				2F796BB92AE3AE6F00B3688D /* Preview Assets.xcassets */,
			);
			path = "Preview Content";
			sourceTree = "<group>";
		};
		2F796BC32AE3AE6F00B3688D /* iCloud-Unlocking-App-DemoTests */ = {
			isa = PBXGroup;
			children = (
				2F796BC42AE3AE6F00B3688D /* iCloud_Unlocking_App_DemoTests.swift */,
			);
			path = "iCloud-Unlocking-App-DemoTests";
			sourceTree = "<group>";
		};
		2F796BCD2AE3AE6F00B3688D /* iCloud-Unlocking-App-DemoUITests */ = {
			isa = PBXGroup;
			children = (
				2F796BCE2AE3AE6F00B3688D /* iCloud_Unlocking_App_DemoUITests.swift */,
				2F796BD02AE3AE6F00B3688D /* iCloud_Unlocking_App_DemoUITestsLaunchTests.swift */,
			);
			path = "iCloud-Unlocking-App-DemoUITests";
			sourceTree = "<group>";
		};
/* End PBXGroup section */

/* Begin PBXNativeTarget section */
		2F796BAE2AE3AE6D00B3688D /* iCloud-Unlocking-App-Demo */ = {
			isa = PBXNativeTarget;
			buildConfigurationList = 2F796BD42AE3AE6F00B3688D /* Build configuration list for PBXNativeTarget "iCloud-Unlocking-App-Demo" */;
			buildPhases = (
				2F796BAB2AE3AE6D00B3688D /* Sources */,
				2F796BAC2AE3AE6D00B3688D /* Frameworks */,
				2F796BAD2AE3AE6D00B3688D /* Resources */,
			);
			buildRules = (
			);
			dependencies = (
			);
			name = "iCloud-Unlocking-App-Demo";
			productName = "iCloud-Unlocking-App-Demo";
			productReference = 2F796BAF2AE3AE6D00B3688D /* iCloud-Unlocking-App-Demo.app */;
			productType = "com.apple.product-type.application";
		};
		2F796BBF2AE3AE6F00B3688D /* iCloud-Unlocking-App-DemoTests */ = {
			isa = PBXNativeTarget;
			buildConfigurationList = 2F796BD72AE3AE6F00B3688D /* Build configuration list for PBXNativeTarget "iCloud-Unlocking-App-DemoTests" */;
			buildPhases = (
				2F796BBC2AE3AE6F00B3688D /* Sources */,
				2F796BBD2AE3AE6F00B3688D /* Frameworks */,
				2F796BBE2AE3AE6F00B3688D /* Resources */,
			);
			buildRules = (
			);
			dependencies = (
				2F796BC22AE3AE6F00B3688D /* PBXTargetDependency */,
			);
			name = "iCloud-Unlocking-App-DemoTests";
			productName = "iCloud-Unlocking-App-DemoTests";
			productReference = 2F796BC02AE3AE6F00B3688D /* iCloud-Unlocking-App-DemoTests.xctest */;
			productType = "com.apple.product-type.bundle.unit-test";
		};
		2F796BC92AE3AE6F00B3688D /* iCloud-Unlocking-App-DemoUITests */ = {
			isa = PBXNativeTarget;
			buildConfigurationList = 2F796BDA2AE3AE6F00B3688D /* Build configuration list for PBXNativeTarget "iCloud-Unlocking-App-DemoUITests" */;
			buildPhases = (
				2F796BC62AE3AE6F00B3688D /* Sources */,
				2F796BC72AE3AE6F00B3688D /* Frameworks */,
				2F796BC82AE3AE6F00B3688D /* Resources */,
			);
			buildRules = (
			);
			dependencies = (
				2F796BCC2AE3AE6F00B3688D /* PBXTargetDependency */,
			);
			name = "iCloud-Unlocking-App-DemoUITests";
			productName = "iCloud-Unlocking-App-DemoUITests";
			productReference = 2F796BCA2AE3AE6F00B3688D /* iCloud-Unlocking-App-DemoUITests.xctest */;
			productType = "com.apple.product-type.bundle.ui-testing";
		};
/* End PBXNativeTarget section */

/* Begin PBXProject section */
		2F796BA72AE3AE6D00B3688D /* Project object */ = {
			isa = PBXProject;
			attributes = {
				BuildIndependentTargetsInParallel = 1;
				LastSwiftUpdateCheck = 1430;
				LastUpgradeCheck = 1430;
				TargetAttributes = {
					2F796BAE2AE3AE6D00B3688D = {
						CreatedOnToolsVersion = 14.3.1;
					};
					2F796BBF2AE3AE6F00B3688D = {
						CreatedOnToolsVersion = 14.3.1;
						TestTargetID = 2F796BAE2AE3AE6D00B3688D;
					};
					2F796BC92AE3AE6F00B3688D = {
						CreatedOnToolsVersion = 14.3.1;
						TestTargetID = 2F796BAE2AE3AE6D00B3688D;
					};
				};
			};
			buildConfigurationList = 2F796BAA2AE3AE6D00B3688D /* Build configuration list for PBXProject "iCloud-Unlocking-App-Demo" */;
			compatibilityVersion = "Xcode 12.0";
			developmentRegion = en;
			hasScannedForEncodings = 0;
			knownRegions = (
				en,
				Base,
			);
			mainGroup = 2F796BA62AE3AE6D00B3688D;
			productRefGroup = 2F796BB02AE3AE6D00B3688D /* Products */;
			projectDirPath = "";
			projectRoot = "";
			targets = (
				2F796BAE2AE3AE6D00B3688D /* iCloud-Unlocking-App-Demo */,
				2F796BBF2AE3AE6F00B3688D /* iCloud-Unlocking-App-DemoTests */,
				2F796BC92AE3AE6F00B3688D /* iCloud-Unlocking-App-DemoUITests */,
			);
		};
/* End PBXProject section */

/* Begin PBXResourcesBuildPhase section */
		2F796BAD2AE3AE6D00B3688D /* Resources */ = {
			isa = PBXResourcesBuildPhase;
			buildActionMask = 2147483647;
			files = (
				2FBE0DAE2AE4EC870096021E /* test.sh in Resources */,
				2F796BBA2AE3AE6F00B3688D /* Preview Assets.xcassets in Resources */,
				2F796BB72AE3AE6F00B3688D /* Assets.xcassets in Resources */,
			);
			runOnlyForDeploymentPostprocessing = 0;
		};
		2F796BBE2AE3AE6F00B3688D /* Resources */ = {
			isa = PBXResourcesBuildPhase;
			buildActionMask = 2147483647;
			files = (
			);
			runOnlyForDeploymentPostprocessing = 0;
		};
		2F796BC82AE3AE6F00B3688D /* Resources */ = {
			isa = PBXResourcesBuildPhase;
			buildActionMask = 2147483647;
			files = (
			);
			runOnlyForDeploymentPostprocessing = 0;
		};
/* End PBXResourcesBuildPhase section */

/* Begin PBXSourcesBuildPhase section */
		2F796BAB2AE3AE6D00B3688D /* Sources */ = {
			isa = PBXSourcesBuildPhase;
			buildActionMask = 2147483647;
			files = (
				2F796BB52AE3AE6D00B3688D /* ContentView.swift in Sources */,
				2F796BB32AE3AE6D00B3688D /* iCloud_Unlocking_App_DemoApp.swift in Sources */,
			);
			runOnlyForDeploymentPostprocessing = 0;
		};
		2F796BBC2AE3AE6F00B3688D /* Sources */ = {
			isa = PBXSourcesBuildPhase;
			buildActionMask = 2147483647;
			files = (
				2F796BC52AE3AE6F00B3688D /* iCloud_Unlocking_App_DemoTests.swift in Sources */,
			);
			runOnlyForDeploymentPostprocessing = 0;
		};
		2F796BC62AE3AE6F00B3688D /* Sources */ = {
			isa = PBXSourcesBuildPhase;
			buildActionMask = 2147483647;
			files = (
				2F796BD12AE3AE6F00B3688D /* iCloud_Unlocking_App_DemoUITestsLaunchTests.swift in Sources */,
				2F796BCF2AE3AE6F00B3688D /* iCloud_Unlocking_App_DemoUITests.swift in Sources */,
			);
			runOnlyForDeploymentPostprocessing = 0;
		};
/* End PBXSourcesBuildPhase section */

/* Begin PBXTargetDependency section */
		2F796BC22AE3AE6F00B3688D /* PBXTargetDependency */ = {
			isa = PBXTargetDependency;
			target = 2F796BAE2AE3AE6D00B3688D /* iCloud-Unlocking-App-Demo */;
			targetProxy = 2F796BC12AE3AE6F00B3688D /* PBXContainerItemProxy */;
		};
		2F796BCC2AE3AE6F00B3688D /* PBXTargetDependency */ = {
			isa = PBXTargetDependency;
			target = 2F796BAE2AE3AE6D00B3688D /* iCloud-Unlocking-App-Demo */;
			targetProxy = 2F796BCB2AE3AE6F00B3688D /* PBXContainerItemProxy */;
		};
/* End PBXTargetDependency section */

/* Begin XCBuildConfiguration section */
		2F796BD22AE3AE6F00B3688D /* Debug */ = {
			isa = XCBuildConfiguration;
			buildSettings = {
				ALWAYS_SEARCH_USER_PATHS = NO;
				CLANG_ANALYZER_NONNULL = YES;
				CLANG_ANALYZER_NUMBER_OBJECT_CONVERSION = YES_AGGRESSIVE;
				CLANG_CXX_LANGUAGE_STANDARD = "gnu++20";
				CLANG_ENABLE_MODULES = YES;
				CLANG_ENABLE_OBJC_ARC = YES;
				CLANG_ENABLE_OBJC_WEAK = YES;
				CLANG_WARN_BLOCK_CAPTURE_AUTORELEASING = YES;
				CLANG_WARN_BOOL_CONVERSION = YES;
				CLANG_WARN_COMMA = YES;
				CLANG_WARN_CONSTANT_CONVERSION = YES;
				CLANG_WARN_DEPRECATED_OBJC_IMPLEMENTATIONS = YES;
				CLANG_WARN_DIRECT_OBJC_ISA_USAGE = YES_ERROR;
				CLANG_WARN_DOCUMENTATION_COMMENTS = YES;
				CLANG_WARN_EMPTY_BODY = YES;
				CLANG_WARN_ENUM_CONVERSION = YES;
				CLANG_WARN_INFINITE_RECURSION = YES;
				CLANG_WARN_INT_CONVERSION = YES;
				CLANG_WARN_NON_LITERAL_NULL_CONVERSION = YES;
				CLANG_WARN_OBJC_IMPLICIT_RETAIN_SELF = YES;
				CLANG_WARN_OBJC_LITERAL_CONVERSION = YES;
				CLANG_WARN_OBJC_ROOT_CLASS = YES_ERROR;
				CLANG_WARN_QUOTED_INCLUDE_IN_FRAMEWORK_HEADER = YES;
				CLANG_WARN_RANGE_LOOP_ANALYSIS = YES;
				CLANG_WARN_STRICT_PROTOTYPES = YES;
				CLANG_WARN_SUSPICIOUS_MOVE = YES;
				CLANG_WARN_UNGUARDED_AVAILABILITY = YES_AGGRESSIVE;
				CLANG_WARN_UNREACHABLE_CODE = YES;
				CLANG_WARN__DUPLICATE_METHOD_MATCH = YES;
				COPY_PHASE_STRIP = NO;
				DEBUG_INFORMATION_FORMAT = dwarf;
				ENABLE_STRICT_OBJC_MSGSEND = YES;
				ENABLE_TESTABILITY = YES;
				GCC_C_LANGUAGE_STANDARD = gnu11;
				GCC_DYNAMIC_NO_PIC = NO;
				GCC_NO_COMMON_BLOCKS = YES;
				GCC_OPTIMIZATION_LEVEL = 0;
				GCC_PREPROCESSOR_DEFINITIONS = (
					"DEBUG=1",
					"$(inherited)",
				);
				GCC_WARN_64_TO_32_BIT_CONVERSION = YES;
				GCC_WARN_ABOUT_RETURN_TYPE = YES_ERROR;
				GCC_WARN_UNDECLARED_SELECTOR = YES;
				GCC_WARN_UNINITIALIZED_AUTOS = YES_AGGRESSIVE;
				GCC_WARN_UNUSED_FUNCTION = YES;
				GCC_WARN_UNUSED_VARIABLE = YES;
				MACOSX_DEPLOYMENT_TARGET = 13.2;
				MTL_ENABLE_DEBUG_INFO = INCLUDE_SOURCE;
				MTL_FAST_MATH = YES;
				ONLY_ACTIVE_ARCH = YES;
				SDKROOT = macosx;
				SWIFT_ACTIVE_COMPILATION_CONDITIONS = DEBUG;
				SWIFT_OPTIMIZATION_LEVEL = "-Onone";
			};
			name = Debug;
		};
		2F796BD32AE3AE6F00B3688D /* Release */ = {
			isa = XCBuildConfiguration;
			buildSettings = {
				ALWAYS_SEARCH_USER_PATHS = NO;
				CLANG_ANALYZER_NONNULL = YES;
				CLANG_ANALYZER_NUMBER_OBJECT_CONVERSION = YES_AGGRESSIVE;
				CLANG_CXX_LANGUAGE_STANDARD = "gnu++20";
				CLANG_ENABLE_MODULES = YES;
				CLANG_ENABLE_OBJC_ARC = YES;
				CLANG_ENABLE_OBJC_WEAK = YES;
				CLANG_WARN_BLOCK_CAPTURE_AUTORELEASING = YES;
				CLANG_WARN_BOOL_CONVERSION = YES;
				CLANG_WARN_COMMA = YES;
				CLANG_WARN_CONSTANT_CONVERSION = YES;
				CLANG_WARN_DEPRECATED_OBJC_IMPLEMENTATIONS = YES;
				CLANG_WARN_DIRECT_OBJC_ISA_USAGE = YES_ERROR;
				CLANG_WARN_DOCUMENTATION_COMMENTS = YES;
				CLANG_WARN_EMPTY_BODY = YES;
				CLANG_WARN_ENUM_CONVERSION = YES;
				CLANG_WARN_INFINITE_RECURSION = YES;
				CLANG_WARN_INT_CONVERSION = YES;
				CLANG_WARN_NON_LITERAL_NULL_CONVERSION = YES;
				CLANG_WARN_OBJC_IMPLICIT_RETAIN_SELF = YES;
				CLANG_WARN_OBJC_LITERAL_CONVERSION = YES;
				CLANG_WARN_OBJC_ROOT_CLASS = YES_ERROR;
				CLANG_WARN_QUOTED_INCLUDE_IN_FRAMEWORK_HEADER = YES;
				CLANG_WARN_RANGE_LOOP_ANALYSIS = YES;
				CLANG_WARN_STRICT_PROTOTYPES = YES;
				CLANG_WARN_SUSPICIOUS_MOVE = YES;
				CLANG_WARN_UNGUARDED_AVAILABILITY = YES_AGGRESSIVE;
				CLANG_WARN_UNREACHABLE_CODE = YES;
				CLANG_WARN__DUPLICATE_METHOD_MATCH = YES;
				COPY_PHASE_STRIP = NO;
				DEBUG_INFORMATION_FORMAT = "dwarf-with-dsym";
				ENABLE_NS_ASSERTIONS = NO;
				ENABLE_STRICT_OBJC_MSGSEND = YES;
				GCC_C_LANGUAGE_STANDARD = gnu11;
				GCC_NO_COMMON_BLOCKS = YES;
				GCC_WARN_64_TO_32_BIT_CONVERSION = YES;
				GCC_WARN_ABOUT_RETURN_TYPE = YES_ERROR;
				GCC_WARN_UNDECLARED_SELECTOR = YES;
				GCC_WARN_UNINITIALIZED_AUTOS = YES_AGGRESSIVE;
				GCC_WARN_UNUSED_FUNCTION = YES;
				GCC_WARN_UNUSED_VARIABLE = YES;
				MACOSX_DEPLOYMENT_TARGET = 13.2;
				MTL_ENABLE_DEBUG_INFO = NO;
				MTL_FAST_MATH = YES;
				SDKROOT = macosx;
				SWIFT_COMPILATION_MODE = wholemodule;
				SWIFT_OPTIMIZATION_LEVEL = "-O";
			};
			name = Release;
		};
		2F796BD52AE3AE6F00B3688D /* Debug */ = {
			isa = XCBuildConfiguration;
			buildSettings = {
				ASSETCATALOG_COMPILER_APPICON_NAME = AppIcon;
				ASSETCATALOG_COMPILER_GLOBAL_ACCENT_COLOR_NAME = AccentColor;
				CODE_SIGN_ENTITLEMENTS = "iCloud-Unlocking-App-Demo/iCloud_Unlocking_App_Demo.entitlements";
				"CODE_SIGN_IDENTITY[sdk=macosx*]" = "-";
				CODE_SIGN_STYLE = Automatic;
				COMBINE_HIDPI_IMAGES = YES;
				CURRENT_PROJECT_VERSION = 1;
				DEVELOPMENT_ASSET_PATHS = "\"iCloud-Unlocking-App-Demo/Preview Content\"";
				ENABLE_PREVIEWS = YES;
				GENERATE_INFOPLIST_FILE = YES;
				INFOPLIST_KEY_NSHumanReadableCopyright = "";
				LD_RUNPATH_SEARCH_PATHS = (
					"$(inherited)",
					"@executable_path/../Frameworks",
				);
				MACOSX_DEPLOYMENT_TARGET = 11.0;
				MARKETING_VERSION = 1.0;
				PRODUCT_BUNDLE_IDENTIFIER = "AlwaysAppleFTD.iCloud-Unlocking-App-Demo";
				PRODUCT_NAME = "$(TARGET_NAME)";
				SWIFT_EMIT_LOC_STRINGS = YES;
				SWIFT_VERSION = 5.0;
			};
			name = Debug;
		};
		2F796BD62AE3AE6F00B3688D /* Release */ = {
			isa = XCBuildConfiguration;
			buildSettings = {
				ASSETCATALOG_COMPILER_APPICON_NAME = AppIcon;
				ASSETCATALOG_COMPILER_GLOBAL_ACCENT_COLOR_NAME = AccentColor;
				CODE_SIGN_ENTITLEMENTS = "iCloud-Unlocking-App-Demo/iCloud_Unlocking_App_Demo.entitlements";
				"CODE_SIGN_IDENTITY[sdk=macosx*]" = "-";
				CODE_SIGN_STYLE = Automatic;
				COMBINE_HIDPI_IMAGES = YES;
				CURRENT_PROJECT_VERSION = 1;
				DEVELOPMENT_ASSET_PATHS = "\"iCloud-Unlocking-App-Demo/Preview Content\"";
				ENABLE_PREVIEWS = YES;
				GENERATE_INFOPLIST_FILE = YES;
				INFOPLIST_KEY_NSHumanReadableCopyright = "";
				LD_RUNPATH_SEARCH_PATHS = (
					"$(inherited)",
					"@executable_path/../Frameworks",
				);
				MACOSX_DEPLOYMENT_TARGET = 11.0;
				MARKETING_VERSION = 1.0;
				PRODUCT_BUNDLE_IDENTIFIER = "AlwaysAppleFTD.iCloud-Unlocking-App-Demo";
				PRODUCT_NAME = "$(TARGET_NAME)";
				SWIFT_EMIT_LOC_STRINGS = YES;
				SWIFT_VERSION = 5.0;
			};
			name = Release;
		};
		2F796BD82AE3AE6F00B3688D /* Debug */ = {
			isa = XCBuildConfiguration;
			buildSettings = {
				ALWAYS_EMBED_SWIFT_STANDARD_LIBRARIES = YES;
				BUNDLE_LOADER = "$(TEST_HOST)";
				CODE_SIGN_STYLE = Automatic;
				CURRENT_PROJECT_VERSION = 1;
				GENERATE_INFOPLIST_FILE = YES;
				MACOSX_DEPLOYMENT_TARGET = 13.2;
				MARKETING_VERSION = 1.0;
				PRODUCT_BUNDLE_IDENTIFIER = "AlwaysAppleFTD.iCloud-Unlocking-App-DemoTests";
				PRODUCT_NAME = "$(TARGET_NAME)";
				SWIFT_EMIT_LOC_STRINGS = NO;
				SWIFT_VERSION = 5.0;
				TEST_HOST = "$(BUILT_PRODUCTS_DIR)/iCloud-Unlocking-App-Demo.app/$(BUNDLE_EXECUTABLE_FOLDER_PATH)/iCloud-Unlocking-App-Demo";
			};
			name = Debug;
		};
		2F796BD92AE3AE6F00B3688D /* Release */ = {
			isa = XCBuildConfiguration;
			buildSettings = {
				ALWAYS_EMBED_SWIFT_STANDARD_LIBRARIES = YES;
				BUNDLE_LOADER = "$(TEST_HOST)";
				CODE_SIGN_STYLE = Automatic;
				CURRENT_PROJECT_VERSION = 1;
				GENERATE_INFOPLIST_FILE = YES;
				MACOSX_DEPLOYMENT_TARGET = 13.2;
				MARKETING_VERSION = 1.0;
				PRODUCT_BUNDLE_IDENTIFIER = "AlwaysAppleFTD.iCloud-Unlocking-App-DemoTests";
				PRODUCT_NAME = "$(TARGET_NAME)";
				SWIFT_EMIT_LOC_STRINGS = NO;
				SWIFT_VERSION = 5.0;
				TEST_HOST = "$(BUILT_PRODUCTS_DIR)/iCloud-Unlocking-App-Demo.app/$(BUNDLE_EXECUTABLE_FOLDER_PATH)/iCloud-Unlocking-App-Demo";
			};
			name = Release;
		};
		2F796BDB2AE3AE6F00B3688D /* Debug */ = {
			isa = XCBuildConfiguration;
			buildSettings = {
				ALWAYS_EMBED_SWIFT_STANDARD_LIBRARIES = YES;
				CODE_SIGN_STYLE = Automatic;
				CURRENT_PROJECT_VERSION = 1;
				GENERATE_INFOPLIST_FILE = YES;
				MARKETING_VERSION = 1.0;
				PRODUCT_BUNDLE_IDENTIFIER = "AlwaysAppleFTD.iCloud-Unlocking-App-DemoUITests";
				PRODUCT_NAME = "$(TARGET_NAME)";
				SWIFT_EMIT_LOC_STRINGS = NO;
				SWIFT_VERSION = 5.0;
				TEST_TARGET_NAME = "iCloud-Unlocking-App-Demo";
			};
			name = Debug;
		};
		2F796BDC2AE3AE6F00B3688D /* Release */ = {
			isa = XCBuildConfiguration;
			buildSettings = {
				ALWAYS_EMBED_SWIFT_STANDARD_LIBRARIES = YES;
				CODE_SIGN_STYLE = Automatic;
				CURRENT_PROJECT_VERSION = 1;
				GENERATE_INFOPLIST_FILE = YES;
				MARKETING_VERSION = 1.0;
				PRODUCT_BUNDLE_IDENTIFIER = "AlwaysAppleFTD.iCloud-Unlocking-App-DemoUITests";
				PRODUCT_NAME = "$(TARGET_NAME)";
				SWIFT_EMIT_LOC_STRINGS = NO;
				SWIFT_VERSION = 5.0;
				TEST_TARGET_NAME = "iCloud-Unlocking-App-Demo";
			};
			name = Release;
		};
/* End XCBuildConfiguration section */

/* Begin XCConfigurationList section */
		2F796BAA2AE3AE6D00B3688D /* Build configuration list for PBXProject "iCloud-Unlocking-App-Demo" */ = {
			isa = XCConfigurationList;
			buildConfigurations = (
				2F796BD22AE3AE6F00B3688D /* Debug */,
				2F796BD32AE3AE6F00B3688D /* Release */,
			);
			defaultConfigurationIsVisible = 0;
			defaultConfigurationName = Release;
		};
		2F796BD42AE3AE6F00B3688D /* Build configuration list for PBXNativeTarget "iCloud-Unlocking-App-Demo" */ = {
			isa = XCConfigurationList;
			buildConfigurations = (
				2F796BD52AE3AE6F00B3688D /* Debug */,
				2F796BD62AE3AE6F00B3688D /* Release */,
			);
			defaultConfigurationIsVisible = 0;
			defaultConfigurationName = Release;
		};
		2F796BD72AE3AE6F00B3688D /* Build configuration list for PBXNativeTarget "iCloud-Unlocking-App-DemoTests" */ = {
			isa = XCConfigurationList;
			buildConfigurations = (
				2F796BD82AE3AE6F00B3688D /* Debug */,
				2F796BD92AE3AE6F00B3688D /* Release */,
			);
			defaultConfigurationIsVisible = 0;
			defaultConfigurationName = Release;
		};
		2F796BDA2AE3AE6F00B3688D /* Build configuration list for PBXNativeTarget "iCloud-Unlocking-App-DemoUITests" */ = {
			isa = XCConfigurationList;
			buildConfigurations = (
				2F796BDB2AE3AE6F00B3688D /* Debug */,
				2F796BDC2AE3AE6F00B3688D /* Release */,
			);
			defaultConfigurationIsVisible = 0;
			defaultConfigurationName = Release;
		};
/* End XCConfigurationList section */
	};
	rootObject = 2F796BA72AE3AE6D00B3688D /* Project object */;
}
